{
  "version": 4,
  "terraform_version": "1.13.4",
  "serial": 50,
  "lineage": "e3e3bd8a-1c84-3ae5-8ce8-41b389edd705",
  "outputs": {
    "account_name": {
      "value": "ai-nprod-ameer",
      "type": "string"
    },
    "deployment_name": {
      "value": "ai-nprod-ameer",
      "type": "string"
    },
    "resource_group_name": {
      "value": "rg-ai-nprod-ameer",
      "type": "string"
    }
  },
  "resources": [
    {
      "mode": "managed",
      "type": "azurerm_resource_group",
      "name": "ai_nprod",
      "provider": "provider[\"registry.terraform.io/hashicorp/azurerm\"]",
      "instances": [
        {
          "schema_version": 0,
          "attributes": {
            "id": "/subscriptions/6422b091-e889-4e4e-91a6-64736d6d312c/resourceGroups/rg-ai-nprod-ameer",
            "location": "southeastasia",
            "managed_by": "",
            "name": "rg-ai-nprod-ameer",
            "tags": {},
            "timeouts": null
          },
          "sensitive_attributes": [],
          "identity_schema_version": 0,
          "private": "eyJlMmJmYjczMC1lY2FhLTExZTYtOGY4OC0zNDM2M2JjN2M0YzAiOnsiY3JlYXRlIjo1NDAwMDAwMDAwMDAwLCJkZWxldGUiOjU0MDAwMDAwMDAwMDAsInJlYWQiOjMwMDAwMDAwMDAwMCwidXBkYXRlIjo1NDAwMDAwMDAwMDAwfX0="
        }
      ]
    }
  ],
  "check_results": null
}
